// !$*UTF8*$!
{
	archiveVersion = 1;
	classes = {
	};
	objectVersion = 56;
	objects = {

/* Begin PBXBuildFile section */
		F6EC512B2924F3C60015B299 /* main.swift in Sources */ = {isa = PBXBuildFile; fileRef = F6EC512A2924F3C60015B299 /* main.swift */; };
		F6EC513A292A0F7B0015B299 /* MenuType.swift in Sources */ = {isa = PBXBuildFile; fileRef = F6EC5139292A0F7B0015B299 /* MenuType.swift */; };
		F6EC5141292A14270015B299 /* MyCreditService.swift in Sources */ = {isa = PBXBuildFile; fileRef = F6EC5140292A14270015B299 /* MyCreditService.swift */; };
		F6EC5143292A14530015B299 /* Student.swift in Sources */ = {isa = PBXBuildFile; fileRef = F6EC5142292A14530015B299 /* Student.swift */; };
		F6EC5148292A186C0015B299 /* Grade.swift in Sources */ = {isa = PBXBuildFile; fileRef = F6EC5147292A186C0015B299 /* Grade.swift */; };
		F6EC514B292CC2830015B299 /* String+.swift in Sources */ = {isa = PBXBuildFile; fileRef = F6EC514A292CC2830015B299 /* String+.swift */; };
		F6EC514D292CC8AF0015B299 /* MyCreditClass.swift in Sources */ = {isa = PBXBuildFile; fileRef = F6EC514C292CC8AF0015B299 /* MyCreditClass.swift */; };
		F6EC5150292CD8190015B299 /* DefaultMyCreditService.swift in Sources */ = {isa = PBXBuildFile; fileRef = F6EC514F292CD8190015B299 /* DefaultMyCreditService.swift */; };
/* End PBXBuildFile section */

/* Begin PBXCopyFilesBuildPhase section */
		F6EC51252924F3C60015B299 /* CopyFiles */ = {
			isa = PBXCopyFilesBuildPhase;
			buildActionMask = 2147483647;
			dstPath = /usr/share/man/man1/;
			dstSubfolderSpec = 0;
			files = (
			);
			runOnlyForDeploymentPostprocessing = 1;
		};
/* End PBXCopyFilesBuildPhase section */

/* Begin PBXFileReference section */
		F6EC51272924F3C60015B299 /* MyCreditManager */ = {isa = PBXFileReference; explicitFileType = "compiled.mach-o.executable"; includeInIndex = 0; path = MyCreditManager; sourceTree = BUILT_PRODUCTS_DIR; };
		F6EC512A2924F3C60015B299 /* main.swift */ = {isa = PBXFileReference; lastKnownFileType = sourcecode.swift; path = main.swift; sourceTree = "<group>"; };
		F6EC5139292A0F7B0015B299 /* MenuType.swift */ = {isa = PBXFileReference; lastKnownFileType = sourcecode.swift; path = MenuType.swift; sourceTree = "<group>"; };
		F6EC5140292A14270015B299 /* MyCreditService.swift */ = {isa = PBXFileReference; lastKnownFileType = sourcecode.swift; path = MyCreditService.swift; sourceTree = "<group>"; };
		F6EC5142292A14530015B299 /* Student.swift */ = {isa = PBXFileReference; lastKnownFileType = sourcecode.swift; path = Student.swift; sourceTree = "<group>"; };
		F6EC5147292A186C0015B299 /* Grade.swift */ = {isa = PBXFileReference; lastKnownFileType = sourcecode.swift; path = Grade.swift; sourceTree = "<group>"; };
		F6EC514A292CC2830015B299 /* String+.swift */ = {isa = PBXFileReference; lastKnownFileType = sourcecode.swift; path = "String+.swift"; sourceTree = "<group>"; };
		F6EC514C292CC8AF0015B299 /* MyCreditClass.swift */ = {isa = PBXFileReference; lastKnownFileType = sourcecode.swift; path = MyCreditClass.swift; sourceTree = "<group>"; };
		F6EC514F292CD8190015B299 /* DefaultMyCreditService.swift */ = {isa = PBXFileReference; lastKnownFileType = sourcecode.swift; path = DefaultMyCreditService.swift; sourceTree = "<group>"; };
/* End PBXFileReference section */

/* Begin PBXFrameworksBuildPhase section */
		F6EC51242924F3C60015B299 /* Frameworks */ = {
			isa = PBXFrameworksBuildPhase;
			buildActionMask = 2147483647;
			files = (
			);
			runOnlyForDeploymentPostprocessing = 0;
		};
/* End PBXFrameworksBuildPhase section */

/* Begin PBXGroup section */
		F6EC511E2924F3C60015B299 = {
			isa = PBXGroup;
			children = (
				F6EC51292924F3C60015B299 /* MyCreditManager */,
				F6EC51282924F3C60015B299 /* Products */,
			);
			sourceTree = "<group>";
		};
		F6EC51282924F3C60015B299 /* Products */ = {
			isa = PBXGroup;
			children = (
				F6EC51272924F3C60015B299 /* MyCreditManager */,
			);
			name = Products;
			sourceTree = "<group>";
		};
		F6EC51292924F3C60015B299 /* MyCreditManager */ = {
			isa = PBXGroup;
			children = (
				F6EC5136292A0F340015B299 /* Source */,
				F6EC512A2924F3C60015B299 /* main.swift */,
			);
			path = MyCreditManager;
			sourceTree = "<group>";
		};
		F6EC5136292A0F340015B299 /* Source */ = {
			isa = PBXGroup;
			children = (
				F6EC5152292CD9620015B299 /* Protocol */,
				F6EC5151292CD95C0015B299 /* Class */,
				F6EC514E292CCEEF0015B299 /* Constant */,
				F6EC5149292CC27B0015B299 /* Extension */,
			);
			path = Source;
			sourceTree = "<group>";
		};
		F6EC5149292CC27B0015B299 /* Extension */ = {
			isa = PBXGroup;
			children = (
				F6EC514A292CC2830015B299 /* String+.swift */,
			);
			path = Extension;
			sourceTree = "<group>";
		};
		F6EC514E292CCEEF0015B299 /* Constant */ = {
			isa = PBXGroup;
			children = (
				F6EC5147292A186C0015B299 /* Grade.swift */,
				F6EC5139292A0F7B0015B299 /* MenuType.swift */,
				F6EC5142292A14530015B299 /* Student.swift */,
			);
			path = Constant;
			sourceTree = "<group>";
		};
		F6EC5151292CD95C0015B299 /* Class */ = {
			isa = PBXGroup;
			children = (
				F6EC514C292CC8AF0015B299 /* MyCreditClass.swift */,
				F6EC514F292CD8190015B299 /* DefaultMyCreditService.swift */,
			);
			path = Class;
			sourceTree = "<group>";
		};
		F6EC5152292CD9620015B299 /* Protocol */ = {
			isa = PBXGroup;
			children = (
				F6EC5140292A14270015B299 /* MyCreditService.swift */,
			);
			path = Protocol;
			sourceTree = "<group>";
		};
/* End PBXGroup section */

/* Begin PBXNativeTarget section */
		F6EC51262924F3C60015B299 /* MyCreditManager */ = {
			isa = PBXNativeTarget;
			buildConfigurationList = F6EC512E2924F3C60015B299 /* Build configuration list for PBXNativeTarget "MyCreditManager" */;
			buildPhases = (
				F6EC51232924F3C60015B299 /* Sources */,
				F6EC51242924F3C60015B299 /* Frameworks */,
				F6EC51252924F3C60015B299 /* CopyFiles */,
			);
			buildRules = (
			);
			dependencies = (
			);
			name = MyCreditManager;
			productName = MyCreditManager;
			productReference = F6EC51272924F3C60015B299 /* MyCreditManager */;
			productType = "com.apple.product-type.tool";
		};
/* End PBXNativeTarget section */

/* Begin PBXProject section */
		F6EC511F2924F3C60015B299 /* Project object */ = {
			isa = PBXProject;
			attributes = {
				BuildIndependentTargetsInParallel = 1;
				LastSwiftUpdateCheck = 1410;
				LastUpgradeCheck = 1410;
				TargetAttributes = {
					F6EC51262924F3C60015B299 = {
						CreatedOnToolsVersion = 14.1;
					};
				};
			};
			buildConfigurationList = F6EC51222924F3C60015B299 /* Build configuration list for PBXProject "MyCreditManager" */;
			compatibilityVersion = "Xcode 14.0";
			developmentRegion = en;
			hasScannedForEncodings = 0;
			knownRegions = (
				en,
				Base,
			);
			mainGroup = F6EC511E2924F3C60015B299;
			productRefGroup = F6EC51282924F3C60015B299 /* Products */;
			projectDirPath = "";
			projectRoot = "";
			targets = (
				F6EC51262924F3C60015B299 /* MyCreditManager */,
			);
		};
/* End PBXProject section */

/* Begin PBXSourcesBuildPhase section */
		F6EC51232924F3C60015B299 /* Sources */ = {
			isa = PBXSourcesBuildPhase;
			buildActionMask = 2147483647;
			files = (
				F6EC512B2924F3C60015B299 /* main.swift in Sources */,
				F6EC513A292A0F7B0015B299 /* MenuType.swift in Sources */,
				F6EC5141292A14270015B299 /* MyCreditService.swift in Sources */,
				F6EC5148292A186C0015B299 /* Grade.swift in Sources */,
				F6EC514B292CC2830015B299 /* String+.swift in Sources */,
				F6EC5143292A14530015B299 /* Student.swift in Sources */,
				F6EC5150292CD8190015B299 /* DefaultMyCreditService.swift in Sources */,
				F6EC514D292CC8AF0015B299 /* MyCreditClass.swift in Sources */,
			);
			runOnlyForDeploymentPostprocessing = 0;
		};
/* End PBXSourcesBuildPhase section */

/* Begin XCBuildConfiguration section */
		F6EC512C2924F3C60015B299 /* Debug */ = {
			isa = XCBuildConfiguration;
			buildSettings = {
				ALWAYS_SEARCH_USER_PATHS = NO;
				CLANG_ANALYZER_NONNULL = YES;
				CLANG_ANALYZER_NUMBER_OBJECT_CONVERSION = YES_AGGRESSIVE;
				CLANG_CXX_LANGUAGE_STANDARD = "gnu++20";
				CLANG_ENABLE_MODULES = YES;
				CLANG_ENABLE_OBJC_ARC = YES;
				CLANG_ENABLE_OBJC_WEAK = YES;
				CLANG_WARN_BLOCK_CAPTURE_AUTORELEASING = YES;
				CLANG_WARN_BOOL_CONVERSION = YES;
				CLANG_WARN_COMMA = YES;
				CLANG_WARN_CONSTANT_CONVERSION = YES;
				CLANG_WARN_DEPRECATED_OBJC_IMPLEMENTATIONS = YES;
				CLANG_WARN_DIRECT_OBJC_ISA_USAGE = YES_ERROR;
				CLANG_WARN_DOCUMENTATION_COMMENTS = YES;
				CLANG_WARN_EMPTY_BODY = YES;
				CLANG_WARN_ENUM_CONVERSION = YES;
				CLANG_WARN_INFINITE_RECURSION = YES;
				CLANG_WARN_INT_CONVERSION = YES;
				CLANG_WARN_NON_LITERAL_NULL_CONVERSION = YES;
				CLANG_WARN_OBJC_IMPLICIT_RETAIN_SELF = YES;
				CLANG_WARN_OBJC_LITERAL_CONVERSION = YES;
				CLANG_WARN_OBJC_ROOT_CLASS = YES_ERROR;
				CLANG_WARN_QUOTED_INCLUDE_IN_FRAMEWORK_HEADER = YES;
				CLANG_WARN_RANGE_LOOP_ANALYSIS = YES;
				CLANG_WARN_STRICT_PROTOTYPES = YES;
				CLANG_WARN_SUSPICIOUS_MOVE = YES;
				CLANG_WARN_UNGUARDED_AVAILABILITY = YES_AGGRESSIVE;
				CLANG_WARN_UNREACHABLE_CODE = YES;
				CLANG_WARN__DUPLICATE_METHOD_MATCH = YES;
				COPY_PHASE_STRIP = NO;
				DEBUG_INFORMATION_FORMAT = dwarf;
				ENABLE_STRICT_OBJC_MSGSEND = YES;
				ENABLE_TESTABILITY = YES;
				GCC_C_LANGUAGE_STANDARD = gnu11;
				GCC_DYNAMIC_NO_PIC = NO;
				GCC_NO_COMMON_BLOCKS = YES;
				GCC_OPTIMIZATION_LEVEL = 0;
				GCC_PREPROCESSOR_DEFINITIONS = (
					"DEBUG=1",
					"$(inherited)",
				);
				GCC_WARN_64_TO_32_BIT_CONVERSION = YES;
				GCC_WARN_ABOUT_RETURN_TYPE = YES_ERROR;
				GCC_WARN_UNDECLARED_SELECTOR = YES;
				GCC_WARN_UNINITIALIZED_AUTOS = YES_AGGRESSIVE;
				GCC_WARN_UNUSED_FUNCTION = YES;
				GCC_WARN_UNUSED_VARIABLE = YES;
				MACOSX_DEPLOYMENT_TARGET = 12.6;
				MTL_ENABLE_DEBUG_INFO = INCLUDE_SOURCE;
				MTL_FAST_MATH = YES;
				ONLY_ACTIVE_ARCH = YES;
				SDKROOT = macosx;
				SWIFT_ACTIVE_COMPILATION_CONDITIONS = DEBUG;
				SWIFT_OPTIMIZATION_LEVEL = "-Onone";
			};
			name = Debug;
		};
		F6EC512D2924F3C60015B299 /* Release */ = {
			isa = XCBuildConfiguration;
			buildSettings = {
				ALWAYS_SEARCH_USER_PATHS = NO;
				CLANG_ANALYZER_NONNULL = YES;
				CLANG_ANALYZER_NUMBER_OBJECT_CONVERSION = YES_AGGRESSIVE;
				CLANG_CXX_LANGUAGE_STANDARD = "gnu++20";
				CLANG_ENABLE_MODULES = YES;
				CLANG_ENABLE_OBJC_ARC = YES;
				CLANG_ENABLE_OBJC_WEAK = YES;
				CLANG_WARN_BLOCK_CAPTURE_AUTORELEASING = YES;
				CLANG_WARN_BOOL_CONVERSION = YES;
				CLANG_WARN_COMMA = YES;
				CLANG_WARN_CONSTANT_CONVERSION = YES;
				CLANG_WARN_DEPRECATED_OBJC_IMPLEMENTATIONS = YES;
				CLANG_WARN_DIRECT_OBJC_ISA_USAGE = YES_ERROR;
				CLANG_WARN_DOCUMENTATION_COMMENTS = YES;
				CLANG_WARN_EMPTY_BODY = YES;
				CLANG_WARN_ENUM_CONVERSION = YES;
				CLANG_WARN_INFINITE_RECURSION = YES;
				CLANG_WARN_INT_CONVERSION = YES;
				CLANG_WARN_NON_LITERAL_NULL_CONVERSION = YES;
				CLANG_WARN_OBJC_IMPLICIT_RETAIN_SELF = YES;
				CLANG_WARN_OBJC_LITERAL_CONVERSION = YES;
				CLANG_WARN_OBJC_ROOT_CLASS = YES_ERROR;
				CLANG_WARN_QUOTED_INCLUDE_IN_FRAMEWORK_HEADER = YES;
				CLANG_WARN_RANGE_LOOP_ANALYSIS = YES;
				CLANG_WARN_STRICT_PROTOTYPES = YES;
				CLANG_WARN_SUSPICIOUS_MOVE = YES;
				CLANG_WARN_UNGUARDED_AVAILABILITY = YES_AGGRESSIVE;
				CLANG_WARN_UNREACHABLE_CODE = YES;
				CLANG_WARN__DUPLICATE_METHOD_MATCH = YES;
				COPY_PHASE_STRIP = NO;
				DEBUG_INFORMATION_FORMAT = "dwarf-with-dsym";
				ENABLE_NS_ASSERTIONS = NO;
				ENABLE_STRICT_OBJC_MSGSEND = YES;
				GCC_C_LANGUAGE_STANDARD = gnu11;
				GCC_NO_COMMON_BLOCKS = YES;
				GCC_WARN_64_TO_32_BIT_CONVERSION = YES;
				GCC_WARN_ABOUT_RETURN_TYPE = YES_ERROR;
				GCC_WARN_UNDECLARED_SELECTOR = YES;
				GCC_WARN_UNINITIALIZED_AUTOS = YES_AGGRESSIVE;
				GCC_WARN_UNUSED_FUNCTION = YES;
				GCC_WARN_UNUSED_VARIABLE = YES;
				MACOSX_DEPLOYMENT_TARGET = 12.6;
				MTL_ENABLE_DEBUG_INFO = NO;
				MTL_FAST_MATH = YES;
				SDKROOT = macosx;
				SWIFT_COMPILATION_MODE = wholemodule;
				SWIFT_OPTIMIZATION_LEVEL = "-O";
			};
			name = Release;
		};
		F6EC512F2924F3C60015B299 /* Debug */ = {
			isa = XCBuildConfiguration;
			buildSettings = {
				CODE_SIGN_STYLE = Automatic;
				DEVELOPMENT_TEAM = RS46GZF8TU;
				ENABLE_HARDENED_RUNTIME = YES;
				PRODUCT_NAME = "$(TARGET_NAME)";
				SWIFT_VERSION = 5.0;
			};
			name = Debug;
		};
		F6EC51302924F3C60015B299 /* Release */ = {
			isa = XCBuildConfiguration;
			buildSettings = {
				CODE_SIGN_STYLE = Automatic;
				DEVELOPMENT_TEAM = RS46GZF8TU;
				ENABLE_HARDENED_RUNTIME = YES;
				PRODUCT_NAME = "$(TARGET_NAME)";
				SWIFT_VERSION = 5.0;
			};
			name = Release;
		};
/* End XCBuildConfiguration section */

/* Begin XCConfigurationList section */
		F6EC51222924F3C60015B299 /* Build configuration list for PBXProject "MyCreditManager" */ = {
			isa = XCConfigurationList;
			buildConfigurations = (
				F6EC512C2924F3C60015B299 /* Debug */,
				F6EC512D2924F3C60015B299 /* Release */,
			);
			defaultConfigurationIsVisible = 0;
			defaultConfigurationName = Release;
		};
		F6EC512E2924F3C60015B299 /* Build configuration list for PBXNativeTarget "MyCreditManager" */ = {
			isa = XCConfigurationList;
			buildConfigurations = (
				F6EC512F2924F3C60015B299 /* Debug */,
				F6EC51302924F3C60015B299 /* Release */,
			);
			defaultConfigurationIsVisible = 0;
			defaultConfigurationName = Release;
		};
/* End XCConfigurationList section */
	};
	rootObject = F6EC511F2924F3C60015B299 /* Project object */;
}
